// !$*UTF8*$!
{
	archiveVersion = 1;
	classes = {
	};
	objectVersion = 50;
	objects = {

/* Begin PBXBuildFile section */
		FE3AC97426385501000E7CD2 /* AppDelegate.swift in Sources */ = {isa = PBXBuildFile; fileRef = FE3AC97326385501000E7CD2 /* AppDelegate.swift */; };
		FE3AC97D26385504000E7CD2 /* Assets.xcassets in Resources */ = {isa = PBXBuildFile; fileRef = FE3AC97C26385504000E7CD2 /* Assets.xcassets */; };
		FE3AC98026385504000E7CD2 /* LaunchScreen.storyboard in Resources */ = {isa = PBXBuildFile; fileRef = FE3AC97E26385504000E7CD2 /* LaunchScreen.storyboard */; };
		FE3AC990263855D5000E7CD2 /* Coordinator.swift in Sources */ = {isa = PBXBuildFile; fileRef = FE3AC98F263855D5000E7CD2 /* Coordinator.swift */; };
		FE3AC994263855DF000E7CD2 /* AppCoordinator.swift in Sources */ = {isa = PBXBuildFile; fileRef = FE3AC993263855DF000E7CD2 /* AppCoordinator.swift */; };
		FE3AC99726385F43000E7CD2 /* SignupCoordinator.swift in Sources */ = {isa = PBXBuildFile; fileRef = FE3AC99626385F43000E7CD2 /* SignupCoordinator.swift */; };
		FE3AC99B26386105000E7CD2 /* SignupViewController.swift in Sources */ = {isa = PBXBuildFile; fileRef = FE3AC99A26386105000E7CD2 /* SignupViewController.swift */; };
		FE3AC9A026386155000E7CD2 /* LoginCoordinator.swift in Sources */ = {isa = PBXBuildFile; fileRef = FE3AC99F26386155000E7CD2 /* LoginCoordinator.swift */; };
		FE3AC9A526386175000E7CD2 /* LoginViewController.swift in Sources */ = {isa = PBXBuildFile; fileRef = FE3AC9A426386175000E7CD2 /* LoginViewController.swift */; };
		FE3AC9AA263861FB000E7CD2 /* LoginViewModel.swift in Sources */ = {isa = PBXBuildFile; fileRef = FE3AC9A9263861FB000E7CD2 /* LoginViewModel.swift */; };
		FE3AC9D0263867E7000E7CD2 /* SignupViewModel.swift in Sources */ = {isa = PBXBuildFile; fileRef = FE3AC9CF263867E7000E7CD2 /* SignupViewModel.swift */; };
		FE3AC9D526387A2A000E7CD2 /* AddressSignupViewController.swift in Sources */ = {isa = PBXBuildFile; fileRef = FE3AC9D426387A2A000E7CD2 /* AddressSignupViewController.swift */; };
		FE3AC9D826387A87000E7CD2 /* AddressSignupViewModel.swift in Sources */ = {isa = PBXBuildFile; fileRef = FE3AC9D726387A87000E7CD2 /* AddressSignupViewModel.swift */; };
/* End PBXBuildFile section */

/* Begin PBXFileReference section */
		FE3AC97026385501000E7CD2 /* MVVM-C_Exemple-02.app */ = {isa = PBXFileReference; explicitFileType = wrapper.application; includeInIndex = 0; path = "MVVM-C_Exemple-02.app"; sourceTree = BUILT_PRODUCTS_DIR; };
		FE3AC97326385501000E7CD2 /* AppDelegate.swift */ = {isa = PBXFileReference; lastKnownFileType = sourcecode.swift; path = AppDelegate.swift; sourceTree = "<group>"; };
		FE3AC97C26385504000E7CD2 /* Assets.xcassets */ = {isa = PBXFileReference; lastKnownFileType = folder.assetcatalog; path = Assets.xcassets; sourceTree = "<group>"; };
		FE3AC97F26385504000E7CD2 /* Base */ = {isa = PBXFileReference; lastKnownFileType = file.storyboard; name = Base; path = Base.lproj/LaunchScreen.storyboard; sourceTree = "<group>"; };
		FE3AC98126385504000E7CD2 /* Info.plist */ = {isa = PBXFileReference; lastKnownFileType = text.plist.xml; path = Info.plist; sourceTree = "<group>"; };
		FE3AC98F263855D5000E7CD2 /* Coordinator.swift */ = {isa = PBXFileReference; lastKnownFileType = sourcecode.swift; path = Coordinator.swift; sourceTree = "<group>"; };
		FE3AC993263855DF000E7CD2 /* AppCoordinator.swift */ = {isa = PBXFileReference; lastKnownFileType = sourcecode.swift; path = AppCoordinator.swift; sourceTree = "<group>"; };
		FE3AC99626385F43000E7CD2 /* SignupCoordinator.swift */ = {isa = PBXFileReference; lastKnownFileType = sourcecode.swift; path = SignupCoordinator.swift; sourceTree = "<group>"; };
		FE3AC99A26386105000E7CD2 /* SignupViewController.swift */ = {isa = PBXFileReference; lastKnownFileType = sourcecode.swift; path = SignupViewController.swift; sourceTree = "<group>"; };
		FE3AC99F26386155000E7CD2 /* LoginCoordinator.swift */ = {isa = PBXFileReference; lastKnownFileType = sourcecode.swift; path = LoginCoordinator.swift; sourceTree = "<group>"; };
		FE3AC9A426386175000E7CD2 /* LoginViewController.swift */ = {isa = PBXFileReference; lastKnownFileType = sourcecode.swift; path = LoginViewController.swift; sourceTree = "<group>"; };
		FE3AC9A9263861FB000E7CD2 /* LoginViewModel.swift */ = {isa = PBXFileReference; lastKnownFileType = sourcecode.swift; path = LoginViewModel.swift; sourceTree = "<group>"; };
		FE3AC9CF263867E7000E7CD2 /* SignupViewModel.swift */ = {isa = PBXFileReference; lastKnownFileType = sourcecode.swift; path = SignupViewModel.swift; sourceTree = "<group>"; };
		FE3AC9D426387A2A000E7CD2 /* AddressSignupViewController.swift */ = {isa = PBXFileReference; lastKnownFileType = sourcecode.swift; path = AddressSignupViewController.swift; sourceTree = "<group>"; };
		FE3AC9D726387A87000E7CD2 /* AddressSignupViewModel.swift */ = {isa = PBXFileReference; lastKnownFileType = sourcecode.swift; path = AddressSignupViewModel.swift; sourceTree = "<group>"; };
/* End PBXFileReference section */

/* Begin PBXFrameworksBuildPhase section */
		FE3AC96D26385501000E7CD2 /* Frameworks */ = {
			isa = PBXFrameworksBuildPhase;
			buildActionMask = 2147483647;
			files = (
			);
			runOnlyForDeploymentPostprocessing = 0;
		};
/* End PBXFrameworksBuildPhase section */

/* Begin PBXGroup section */
		FE3AC96726385501000E7CD2 = {
			isa = PBXGroup;
			children = (
				FE3AC97226385501000E7CD2 /* MVVM-C_Exemple-02 */,
				FE3AC97126385501000E7CD2 /* Products */,
			);
			sourceTree = "<group>";
		};
		FE3AC97126385501000E7CD2 /* Products */ = {
			isa = PBXGroup;
			children = (
				FE3AC97026385501000E7CD2 /* MVVM-C_Exemple-02.app */,
			);
			name = Products;
			sourceTree = "<group>";
		};
		FE3AC97226385501000E7CD2 /* MVVM-C_Exemple-02 */ = {
			isa = PBXGroup;
			children = (
				FE3AC98E263855C5000E7CD2 /* Coordinator */,
				FE3AC98C26385575000E7CD2 /* Scenes */,
				FE3AC97326385501000E7CD2 /* AppDelegate.swift */,
				FE3AC97C26385504000E7CD2 /* Assets.xcassets */,
				FE3AC97E26385504000E7CD2 /* LaunchScreen.storyboard */,
				FE3AC98126385504000E7CD2 /* Info.plist */,
			);
			path = "MVVM-C_Exemple-02";
			sourceTree = "<group>";
		};
		FE3AC98C26385575000E7CD2 /* Scenes */ = {
			isa = PBXGroup;
			children = (
				FE3AC99E2638613D000E7CD2 /* Login */,
				FE3AC98D26385586000E7CD2 /* Signup */,
			);
			path = Scenes;
			sourceTree = "<group>";
		};
		FE3AC98D26385586000E7CD2 /* Signup */ = {
			isa = PBXGroup;
			children = (
				FE3AC9CE263867DC000E7CD2 /* ViewModels */,
				FE3AC999263860E2000E7CD2 /* ViewControllers */,
				FE3AC99626385F43000E7CD2 /* SignupCoordinator.swift */,
			);
			path = Signup;
			sourceTree = "<group>";
		};
		FE3AC98E263855C5000E7CD2 /* Coordinator */ = {
			isa = PBXGroup;
			children = (
				FE3AC98F263855D5000E7CD2 /* Coordinator.swift */,
				FE3AC993263855DF000E7CD2 /* AppCoordinator.swift */,
			);
			path = Coordinator;
			sourceTree = "<group>";
		};
		FE3AC999263860E2000E7CD2 /* ViewControllers */ = {
			isa = PBXGroup;
			children = (
				FE3AC99A26386105000E7CD2 /* SignupViewController.swift */,
				FE3AC9D426387A2A000E7CD2 /* AddressSignupViewController.swift */,
			);
			path = ViewControllers;
			sourceTree = "<group>";
		};
		FE3AC99E2638613D000E7CD2 /* Login */ = {
			isa = PBXGroup;
			children = (
				FE3AC9A8263861F3000E7CD2 /* ViewModels */,
				FE3AC9A326386167000E7CD2 /* ViewControllers */,
				FE3AC99F26386155000E7CD2 /* LoginCoordinator.swift */,
			);
			path = Login;
			sourceTree = "<group>";
		};
		FE3AC9A326386167000E7CD2 /* ViewControllers */ = {
			isa = PBXGroup;
			children = (
				FE3AC9A426386175000E7CD2 /* LoginViewController.swift */,
			);
			path = ViewControllers;
			sourceTree = "<group>";
		};
		FE3AC9A8263861F3000E7CD2 /* ViewModels */ = {
			isa = PBXGroup;
			children = (
				FE3AC9A9263861FB000E7CD2 /* LoginViewModel.swift */,
			);
			path = ViewModels;
			sourceTree = "<group>";
		};
		FE3AC9CE263867DC000E7CD2 /* ViewModels */ = {
			isa = PBXGroup;
			children = (
				FE3AC9CF263867E7000E7CD2 /* SignupViewModel.swift */,
				FE3AC9D726387A87000E7CD2 /* AddressSignupViewModel.swift */,
			);
			path = ViewModels;
			sourceTree = "<group>";
		};
/* End PBXGroup section */

/* Begin PBXNativeTarget section */
		FE3AC96F26385501000E7CD2 /* MVVM-C_Exemple-02 */ = {
			isa = PBXNativeTarget;
			buildConfigurationList = FE3AC98426385504000E7CD2 /* Build configuration list for PBXNativeTarget "MVVM-C_Exemple-02" */;
			buildPhases = (
				FE3AC96C26385501000E7CD2 /* Sources */,
				FE3AC96D26385501000E7CD2 /* Frameworks */,
				FE3AC96E26385501000E7CD2 /* Resources */,
			);
			buildRules = (
			);
			dependencies = (
			);
			name = "MVVM-C_Exemple-02";
			productName = "MVVM-C_Exemple-02";
			productReference = FE3AC97026385501000E7CD2 /* MVVM-C_Exemple-02.app */;
			productType = "com.apple.product-type.application";
		};
/* End PBXNativeTarget section */

/* Begin PBXProject section */
		FE3AC96826385501000E7CD2 /* Project object */ = {
			isa = PBXProject;
			attributes = {
				LastSwiftUpdateCheck = 1240;
				LastUpgradeCheck = 1240;
				TargetAttributes = {
					FE3AC96F26385501000E7CD2 = {
						CreatedOnToolsVersion = 12.4;
					};
				};
			};
			buildConfigurationList = FE3AC96B26385501000E7CD2 /* Build configuration list for PBXProject "MVVM-C_Exemple-02" */;
			compatibilityVersion = "Xcode 9.3";
			developmentRegion = en;
			hasScannedForEncodings = 0;
			knownRegions = (
				en,
				Base,
			);
			mainGroup = FE3AC96726385501000E7CD2;
			productRefGroup = FE3AC97126385501000E7CD2 /* Products */;
			projectDirPath = "";
			projectRoot = "";
			targets = (
				FE3AC96F26385501000E7CD2 /* MVVM-C_Exemple-02 */,
			);
		};
/* End PBXProject section */

/* Begin PBXResourcesBuildPhase section */
		FE3AC96E26385501000E7CD2 /* Resources */ = {
			isa = PBXResourcesBuildPhase;
			buildActionMask = 2147483647;
			files = (
				FE3AC98026385504000E7CD2 /* LaunchScreen.storyboard in Resources */,
				FE3AC97D26385504000E7CD2 /* Assets.xcassets in Resources */,
			);
			runOnlyForDeploymentPostprocessing = 0;
		};
/* End PBXResourcesBuildPhase section */

/* Begin PBXSourcesBuildPhase section */
		FE3AC96C26385501000E7CD2 /* Sources */ = {
			isa = PBXSourcesBuildPhase;
			buildActionMask = 2147483647;
			files = (
				FE3AC9D0263867E7000E7CD2 /* SignupViewModel.swift in Sources */,
				FE3AC9A526386175000E7CD2 /* LoginViewController.swift in Sources */,
				FE3AC9A026386155000E7CD2 /* LoginCoordinator.swift in Sources */,
				FE3AC99726385F43000E7CD2 /* SignupCoordinator.swift in Sources */,
				FE3AC994263855DF000E7CD2 /* AppCoordinator.swift in Sources */,
				FE3AC9AA263861FB000E7CD2 /* LoginViewModel.swift in Sources */,
				FE3AC99B26386105000E7CD2 /* SignupViewController.swift in Sources */,
				FE3AC990263855D5000E7CD2 /* Coordinator.swift in Sources */,
				FE3AC9D826387A87000E7CD2 /* AddressSignupViewModel.swift in Sources */,
				FE3AC97426385501000E7CD2 /* AppDelegate.swift in Sources */,
				FE3AC9D526387A2A000E7CD2 /* AddressSignupViewController.swift in Sources */,
			);
			runOnlyForDeploymentPostprocessing = 0;
		};
/* End PBXSourcesBuildPhase section */

/* Begin PBXVariantGroup section */
		FE3AC97E26385504000E7CD2 /* LaunchScreen.storyboard */ = {
			isa = PBXVariantGroup;
			children = (
				FE3AC97F26385504000E7CD2 /* Base */,
			);
			name = LaunchScreen.storyboard;
			sourceTree = "<group>";
		};
/* End PBXVariantGroup section */

/* Begin XCBuildConfiguration section */
		FE3AC98226385504000E7CD2 /* Debug */ = {
			isa = XCBuildConfiguration;
			buildSettings = {
				ALWAYS_SEARCH_USER_PATHS = NO;
				CLANG_ANALYZER_NONNULL = YES;
				CLANG_ANALYZER_NUMBER_OBJECT_CONVERSION = YES_AGGRESSIVE;
				CLANG_CXX_LANGUAGE_STANDARD = "gnu++14";
				CLANG_CXX_LIBRARY = "libc++";
				CLANG_ENABLE_MODULES = YES;
				CLANG_ENABLE_OBJC_ARC = YES;
				CLANG_ENABLE_OBJC_WEAK = YES;
				CLANG_WARN_BLOCK_CAPTURE_AUTORELEASING = YES;
				CLANG_WARN_BOOL_CONVERSION = YES;
				CLANG_WARN_COMMA = YES;
				CLANG_WARN_CONSTANT_CONVERSION = YES;
				CLANG_WARN_DEPRECATED_OBJC_IMPLEMENTATIONS = YES;
				CLANG_WARN_DIRECT_OBJC_ISA_USAGE = YES_ERROR;
				CLANG_WARN_DOCUMENTATION_COMMENTS = YES;
				CLANG_WARN_EMPTY_BODY = YES;
				CLANG_WARN_ENUM_CONVERSION = YES;
				CLANG_WARN_INFINITE_RECURSION = YES;
				CLANG_WARN_INT_CONVERSION = YES;
				CLANG_WARN_NON_LITERAL_NULL_CONVERSION = YES;
				CLANG_WARN_OBJC_IMPLICIT_RETAIN_SELF = YES;
				CLANG_WARN_OBJC_LITERAL_CONVERSION = YES;
				CLANG_WARN_OBJC_ROOT_CLASS = YES_ERROR;
				CLANG_WARN_QUOTED_INCLUDE_IN_FRAMEWORK_HEADER = YES;
				CLANG_WARN_RANGE_LOOP_ANALYSIS = YES;
				CLANG_WARN_STRICT_PROTOTYPES = YES;
				CLANG_WARN_SUSPICIOUS_MOVE = YES;
				CLANG_WARN_UNGUARDED_AVAILABILITY = YES_AGGRESSIVE;
				CLANG_WARN_UNREACHABLE_CODE = YES;
				CLANG_WARN__DUPLICATE_METHOD_MATCH = YES;
				COPY_PHASE_STRIP = NO;
				DEBUG_INFORMATION_FORMAT = dwarf;
				ENABLE_STRICT_OBJC_MSGSEND = YES;
				ENABLE_TESTABILITY = YES;
				GCC_C_LANGUAGE_STANDARD = gnu11;
				GCC_DYNAMIC_NO_PIC = NO;
				GCC_NO_COMMON_BLOCKS = YES;
				GCC_OPTIMIZATION_LEVEL = 0;
				GCC_PREPROCESSOR_DEFINITIONS = (
					"DEBUG=1",
					"$(inherited)",
				);
				GCC_WARN_64_TO_32_BIT_CONVERSION = YES;
				GCC_WARN_ABOUT_RETURN_TYPE = YES_ERROR;
				GCC_WARN_UNDECLARED_SELECTOR = YES;
				GCC_WARN_UNINITIALIZED_AUTOS = YES_AGGRESSIVE;
				GCC_WARN_UNUSED_FUNCTION = YES;
				GCC_WARN_UNUSED_VARIABLE = YES;
				IPHONEOS_DEPLOYMENT_TARGET = 12.1;
				MTL_ENABLE_DEBUG_INFO = INCLUDE_SOURCE;
				MTL_FAST_MATH = YES;
				ONLY_ACTIVE_ARCH = YES;
				SDKROOT = iphoneos;
				SWIFT_ACTIVE_COMPILATION_CONDITIONS = DEBUG;
				SWIFT_OPTIMIZATION_LEVEL = "-Onone";
			};
			name = Debug;
		};
		FE3AC98326385504000E7CD2 /* Release */ = {
			isa = XCBuildConfiguration;
			buildSettings = {
				ALWAYS_SEARCH_USER_PATHS = NO;
				CLANG_ANALYZER_NONNULL = YES;
				CLANG_ANALYZER_NUMBER_OBJECT_CONVERSION = YES_AGGRESSIVE;
				CLANG_CXX_LANGUAGE_STANDARD = "gnu++14";
				CLANG_CXX_LIBRARY = "libc++";
				CLANG_ENABLE_MODULES = YES;
				CLANG_ENABLE_OBJC_ARC = YES;
				CLANG_ENABLE_OBJC_WEAK = YES;
				CLANG_WARN_BLOCK_CAPTURE_AUTORELEASING = YES;
				CLANG_WARN_BOOL_CONVERSION = YES;
				CLANG_WARN_COMMA = YES;
				CLANG_WARN_CONSTANT_CONVERSION = YES;
				CLANG_WARN_DEPRECATED_OBJC_IMPLEMENTATIONS = YES;
				CLANG_WARN_DIRECT_OBJC_ISA_USAGE = YES_ERROR;
				CLANG_WARN_DOCUMENTATION_COMMENTS = YES;
				CLANG_WARN_EMPTY_BODY = YES;
				CLANG_WARN_ENUM_CONVERSION = YES;
				CLANG_WARN_INFINITE_RECURSION = YES;
				CLANG_WARN_INT_CONVERSION = YES;
				CLANG_WARN_NON_LITERAL_NULL_CONVERSION = YES;
				CLANG_WARN_OBJC_IMPLICIT_RETAIN_SELF = YES;
				CLANG_WARN_OBJC_LITERAL_CONVERSION = YES;
				CLANG_WARN_OBJC_ROOT_CLASS = YES_ERROR;
				CLANG_WARN_QUOTED_INCLUDE_IN_FRAMEWORK_HEADER = YES;
				CLANG_WARN_RANGE_LOOP_ANALYSIS = YES;
				CLANG_WARN_STRICT_PROTOTYPES = YES;
				CLANG_WARN_SUSPICIOUS_MOVE = YES;
				CLANG_WARN_UNGUARDED_AVAILABILITY = YES_AGGRESSIVE;
				CLANG_WARN_UNREACHABLE_CODE = YES;
				CLANG_WARN__DUPLICATE_METHOD_MATCH = YES;
				COPY_PHASE_STRIP = NO;
				DEBUG_INFORMATION_FORMAT = "dwarf-with-dsym";
				ENABLE_NS_ASSERTIONS = NO;
				ENABLE_STRICT_OBJC_MSGSEND = YES;
				GCC_C_LANGUAGE_STANDARD = gnu11;
				GCC_NO_COMMON_BLOCKS = YES;
				GCC_WARN_64_TO_32_BIT_CONVERSION = YES;
				GCC_WARN_ABOUT_RETURN_TYPE = YES_ERROR;
				GCC_WARN_UNDECLARED_SELECTOR = YES;
				GCC_WARN_UNINITIALIZED_AUTOS = YES_AGGRESSIVE;
				GCC_WARN_UNUSED_FUNCTION = YES;
				GCC_WARN_UNUSED_VARIABLE = YES;
				IPHONEOS_DEPLOYMENT_TARGET = 12.1;
				MTL_ENABLE_DEBUG_INFO = NO;
				MTL_FAST_MATH = YES;
				SDKROOT = iphoneos;
				SWIFT_COMPILATION_MODE = wholemodule;
				SWIFT_OPTIMIZATION_LEVEL = "-O";
				VALIDATE_PRODUCT = YES;
			};
			name = Release;
		};
		FE3AC98526385504000E7CD2 /* Debug */ = {
			isa = XCBuildConfiguration;
			buildSettings = {
				ASSETCATALOG_COMPILER_APPICON_NAME = AppIcon;
				ASSETCATALOG_COMPILER_GLOBAL_ACCENT_COLOR_NAME = AccentColor;
				CODE_SIGN_STYLE = Automatic;
				INFOPLIST_FILE = "MVVM-C_Exemple-02/Info.plist";
				LD_RUNPATH_SEARCH_PATHS = (
					"$(inherited)",
					"@executable_path/Frameworks",
				);
				PRODUCT_BUNDLE_IDENTIFIER = "br.com.jaissonmonteiro.app.MVVM-C-Exemple-02";
				PRODUCT_NAME = "$(TARGET_NAME)";
				SWIFT_VERSION = 5.0;
				TARGETED_DEVICE_FAMILY = "1,2";
			};
			name = Debug;
		};
		FE3AC98626385504000E7CD2 /* Release */ = {
			isa = XCBuildConfiguration;
			buildSettings = {
				ASSETCATALOG_COMPILER_APPICON_NAME = AppIcon;
				ASSETCATALOG_COMPILER_GLOBAL_ACCENT_COLOR_NAME = AccentColor;
				CODE_SIGN_STYLE = Automatic;
				INFOPLIST_FILE = "MVVM-C_Exemple-02/Info.plist";
				LD_RUNPATH_SEARCH_PATHS = (
					"$(inherited)",
					"@executable_path/Frameworks",
				);
				PRODUCT_BUNDLE_IDENTIFIER = "br.com.jaissonmonteiro.app.MVVM-C-Exemple-02";
				PRODUCT_NAME = "$(TARGET_NAME)";
				SWIFT_VERSION = 5.0;
				TARGETED_DEVICE_FAMILY = "1,2";
			};
			name = Release;
		};
/* End XCBuildConfiguration section */

/* Begin XCConfigurationList section */
		FE3AC96B26385501000E7CD2 /* Build configuration list for PBXProject "MVVM-C_Exemple-02" */ = {
			isa = XCConfigurationList;
			buildConfigurations = (
				FE3AC98226385504000E7CD2 /* Debug */,
				FE3AC98326385504000E7CD2 /* Release */,
			);
			defaultConfigurationIsVisible = 0;
			defaultConfigurationName = Release;
		};
		FE3AC98426385504000E7CD2 /* Build configuration list for PBXNativeTarget "MVVM-C_Exemple-02" */ = {
			isa = XCConfigurationList;
			buildConfigurations = (
				FE3AC98526385504000E7CD2 /* Debug */,
				FE3AC98626385504000E7CD2 /* Release */,
			);
			defaultConfigurationIsVisible = 0;
			defaultConfigurationName = Release;
		};
/* End XCConfigurationList section */
	};
	rootObject = FE3AC96826385501000E7CD2 /* Project object */;
}
